
Microsoft Visual Studio Solution File, Format Version 12.00
# Visual Studio 2013
VisualStudioVersion = 12.0.0.0
Project("{FAE04EC0-301F-11D3-BF4B-00C04F79EFBC}") = "Analyzer", "Analyzer\Analyzer.csproj", "{8767A74F-7031-4BB3-8CDD-89836D6BCFEA}"
EndProject
Global
	GlobalSection(ProjectConfigurationPlatforms) = postSolution
		{8767A74F-7031-4BB3-8CDD-89836D6BCFEA}.Debug|Any CPU.ActiveCfg = Debug|Any CPU
		{8767A74F-7031-4BB3-8CDD-89836D6BCFEA}.Debug|Any CPU.Build.0 = Debug|Any CPU
		{8767A74F-7031-4BB3-8CDD-89836D6BCFEA}.Release|Any CPU.ActiveCfg = Release|Any CPU
		{8767A74F-7031-4BB3-8CDD-89836D6BCFEA}.Release|Any CPU.Build.0 = Release|Any CPU
	EndGlobalSection
	GlobalSection(SolutionConfigurationPlatforms) = preSolution
		Debug|Any CPU = Debug|Any CPU
		Release|Any CPU = Release|Any CPU
	EndGlobalSection
EndGlobal
