
Microsoft Visual Studio Solution File, Format Version 12.00
# Visual Studio 2013
VisualStudioVersion = 12.0.0.0
Project("{FAE04EC0-301F-11D3-BF4B-00C04F79EFBC}") = "Analyzer", "Analyzer\Analyzer.csproj", "{8767A74F-7031-4BB3-8CDD-89836D6BCFEA}"
EndProject
Project("{FAE04EC0-301F-11D3-BF4B-00C04F79EFBC}") = "Orchestrator", "Orchestrator\Orchestrator.csproj", "{26224101-B24B-409C-98DF-1636B17C81C2}"
EndProject
Project("{FAE04EC0-301F-11D3-BF4B-00C04F79EFBC}") = "Calculator", "Calculator\Calculator.csproj", "{5F6C8973-6BEB-4493-AAC8-2525BF6A1DCE}"
EndProject
Project("{FAE04EC0-301F-11D3-BF4B-00C04F79EFBC}") = "poc_task", "poc_task\poc_task.csproj", "{BA094A64-DF7F-431B-AEEE-FC341B93B896}"
EndProject
Project("{FAE04EC0-301F-11D3-BF4B-00C04F79EFBC}") = "Finder", "Finder\Finder.csproj", "{9E96215F-754A-4F37-9F72-BE8844E1836A}"
EndProject
Project("{FAE04EC0-301F-11D3-BF4B-00C04F79EFBC}") = "Worker", "Worker\Worker.csproj", "{30E7DC45-5EA1-4D7F-899C-0B027AE2162A}"
EndProject
Project("{FAE04EC0-301F-11D3-BF4B-00C04F79EFBC}") = "Cerberus", "Cerberus\Cerberus.csproj", "{A0B5458B-BD2B-40F0-A7BD-F981CB308B4B}"
EndProject
Global
	GlobalSection(ProjectConfigurationPlatforms) = postSolution
		{8767A74F-7031-4BB3-8CDD-89836D6BCFEA}.Debug|Any CPU.ActiveCfg = Debug|Any CPU
		{8767A74F-7031-4BB3-8CDD-89836D6BCFEA}.Debug|Any CPU.Build.0 = Debug|Any CPU
		{8767A74F-7031-4BB3-8CDD-89836D6BCFEA}.Release|Any CPU.ActiveCfg = Release|Any CPU
		{8767A74F-7031-4BB3-8CDD-89836D6BCFEA}.Release|Any CPU.Build.0 = Release|Any CPU
		{26224101-B24B-409C-98DF-1636B17C81C2}.Debug|Any CPU.ActiveCfg = Debug|Any CPU
		{26224101-B24B-409C-98DF-1636B17C81C2}.Debug|Any CPU.Build.0 = Debug|Any CPU
		{26224101-B24B-409C-98DF-1636B17C81C2}.Release|Any CPU.ActiveCfg = Release|Any CPU
		{26224101-B24B-409C-98DF-1636B17C81C2}.Release|Any CPU.Build.0 = Release|Any CPU
		{5F6C8973-6BEB-4493-AAC8-2525BF6A1DCE}.Debug|Any CPU.ActiveCfg = Debug|Any CPU
		{5F6C8973-6BEB-4493-AAC8-2525BF6A1DCE}.Debug|Any CPU.Build.0 = Debug|Any CPU
		{5F6C8973-6BEB-4493-AAC8-2525BF6A1DCE}.Release|Any CPU.ActiveCfg = Release|Any CPU
		{5F6C8973-6BEB-4493-AAC8-2525BF6A1DCE}.Release|Any CPU.Build.0 = Release|Any CPU
		{BA094A64-DF7F-431B-AEEE-FC341B93B896}.Debug|Any CPU.ActiveCfg = Debug|Any CPU
		{BA094A64-DF7F-431B-AEEE-FC341B93B896}.Debug|Any CPU.Build.0 = Debug|Any CPU
		{BA094A64-DF7F-431B-AEEE-FC341B93B896}.Release|Any CPU.ActiveCfg = Release|Any CPU
		{BA094A64-DF7F-431B-AEEE-FC341B93B896}.Release|Any CPU.Build.0 = Release|Any CPU
		{9E96215F-754A-4F37-9F72-BE8844E1836A}.Debug|Any CPU.ActiveCfg = Debug|Any CPU
		{9E96215F-754A-4F37-9F72-BE8844E1836A}.Debug|Any CPU.Build.0 = Debug|Any CPU
		{9E96215F-754A-4F37-9F72-BE8844E1836A}.Release|Any CPU.ActiveCfg = Release|Any CPU
		{9E96215F-754A-4F37-9F72-BE8844E1836A}.Release|Any CPU.Build.0 = Release|Any CPU
		{30E7DC45-5EA1-4D7F-899C-0B027AE2162A}.Debug|Any CPU.ActiveCfg = Debug|Any CPU
		{30E7DC45-5EA1-4D7F-899C-0B027AE2162A}.Debug|Any CPU.Build.0 = Debug|Any CPU
		{30E7DC45-5EA1-4D7F-899C-0B027AE2162A}.Release|Any CPU.ActiveCfg = Release|Any CPU
		{30E7DC45-5EA1-4D7F-899C-0B027AE2162A}.Release|Any CPU.Build.0 = Release|Any CPU
		{A0B5458B-BD2B-40F0-A7BD-F981CB308B4B}.Debug|Any CPU.ActiveCfg = Debug|Any CPU
		{A0B5458B-BD2B-40F0-A7BD-F981CB308B4B}.Debug|Any CPU.Build.0 = Debug|Any CPU
		{A0B5458B-BD2B-40F0-A7BD-F981CB308B4B}.Release|Any CPU.ActiveCfg = Release|Any CPU
		{A0B5458B-BD2B-40F0-A7BD-F981CB308B4B}.Release|Any CPU.Build.0 = Release|Any CPU
	EndGlobalSection
	GlobalSection(SolutionConfigurationPlatforms) = preSolution
		Debug|Any CPU = Debug|Any CPU
		Release|Any CPU = Release|Any CPU
	EndGlobalSection
EndGlobal
